
Microsoft Visual Studio Solution File, Format Version 12.00
# Visual Studio Version 17
VisualStudioVersion = 17.11.35222.181
MinimumVisualStudioVersion = 10.0.40219.1
Project("{FAE04EC0-301F-11D3-BF4B-00C04F79EFBC}") = "vajda_daniel_triatlon", "vajda_daniel_triatlon\vajda_daniel_triatlon.csproj", "{A6C96473-4D25-4ADF-840F-B8397D68E851}"
EndProject
Global
	GlobalSection(SolutionConfigurationPlatforms) = preSolution
		Debug|Any CPU = Debug|Any CPU
		Release|Any CPU = Release|Any CPU
	EndGlobalSection
	GlobalSection(ProjectConfigurationPlatforms) = postSolution
		{A6C96473-4D25-4ADF-840F-B8397D68E851}.Debug|Any CPU.ActiveCfg = Debug|Any CPU
		{A6C96473-4D25-4ADF-840F-B8397D68E851}.Debug|Any CPU.Build.0 = Debug|Any CPU
		{A6C96473-4D25-4ADF-840F-B8397D68E851}.Release|Any CPU.ActiveCfg = Release|Any CPU
		{A6C96473-4D25-4ADF-840F-B8397D68E851}.Release|Any CPU.Build.0 = Release|Any CPU
	EndGlobalSection
	GlobalSection(SolutionProperties) = preSolution
		HideSolutionNode = FALSE
	EndGlobalSection
	GlobalSection(ExtensibilityGlobals) = postSolution
		SolutionGuid = {48864955-5F1B-4E65-A6A7-E9227DF37AF7}
	EndGlobalSection
EndGlobal
